{
  "name": "wtgui",
  "version": "1.0.0",
  "lockfileVersion": 2,
  "requires": true,
  "packages": {
    "": {
      "name": "wtgui",
      "version": "1.0.0",
      "license": "MIT",
      "dependencies": {
        "gamepads": "^1.2.2"
      }
    },
    "node_modules/gamepads": {
      "version": "1.2.2",
      "resolved": "https://registry.npmjs.org/gamepads/-/gamepads-1.2.2.tgz",
      "integrity": "sha512-m0DihXzHh1+bLoex4Bz0tX3IaJ1OyIKaw/71Cj2lFRsTESMJpjLvmc+BluU3QE0UsMjMFiIK2j7c1Q08O/DYfg=="
    }
  },
  "dependencies": {
    "gamepads": {
      "version": "1.2.2",
      "resolved": "https://registry.npmjs.org/gamepads/-/gamepads-1.2.2.tgz",
      "integrity": "sha512-m0DihXzHh1+bLoex4Bz0tX3IaJ1OyIKaw/71Cj2lFRsTESMJpjLvmc+BluU3QE0UsMjMFiIK2j7c1Q08O/DYfg=="
    }
  }
}
